// !$*UTF8*$!
{
	archiveVersion = 1;
	classes = {
	};
	objectVersion = 55;
	objects = {

/* Begin PBXBuildFile section */
		5436EA8727B5959E0034AC04 /* SideMenuForSurpriseScreen.swift in Sources */ = {isa = PBXBuildFile; fileRef = 5436EA8627B5959E0034AC04 /* SideMenuForSurpriseScreen.swift */; };
		5436EA8927B598350034AC04 /* SurpriseScreenHelloWorldView.swift in Sources */ = {isa = PBXBuildFile; fileRef = 5436EA8827B598350034AC04 /* SurpriseScreenHelloWorldView.swift */; };
		5458C4E427B30AFF008FA00C /* AlertHelper.swift in Sources */ = {isa = PBXBuildFile; fileRef = 5458C4E327B30AFF008FA00C /* AlertHelper.swift */; };
		54AF657927B1953300D118D2 /* JustHelloWorldApp.swift in Sources */ = {isa = PBXBuildFile; fileRef = 54AF657827B1953300D118D2 /* JustHelloWorldApp.swift */; };
		54AF657B27B1953300D118D2 /* ContentView.swift in Sources */ = {isa = PBXBuildFile; fileRef = 54AF657A27B1953300D118D2 /* ContentView.swift */; };
		54AF657D27B1953400D118D2 /* Assets.xcassets in Resources */ = {isa = PBXBuildFile; fileRef = 54AF657C27B1953400D118D2 /* Assets.xcassets */; };
		54AF658027B1953400D118D2 /* Preview Assets.xcassets in Resources */ = {isa = PBXBuildFile; fileRef = 54AF657F27B1953400D118D2 /* Preview Assets.xcassets */; };
		54AF658827B19F2C00D118D2 /* ViewRouter.swift in Sources */ = {isa = PBXBuildFile; fileRef = 54AF658727B19F2C00D118D2 /* ViewRouter.swift */; };
		54AF658E27B19FD900D118D2 /* LaunchScreen.swift in Sources */ = {isa = PBXBuildFile; fileRef = 54AF658D27B19FD900D118D2 /* LaunchScreen.swift */; };
		54AF659027B19FDF00D118D2 /* MainScreen.swift in Sources */ = {isa = PBXBuildFile; fileRef = 54AF658F27B19FDF00D118D2 /* MainScreen.swift */; };
		54AF659227B1A88D00D118D2 /* Extensions.swift in Sources */ = {isa = PBXBuildFile; fileRef = 54AF659127B1A88D00D118D2 /* Extensions.swift */; };
		54AF659627B1B06900D118D2 /* SideMenu.swift in Sources */ = {isa = PBXBuildFile; fileRef = 54AF659527B1B06900D118D2 /* SideMenu.swift */; };
		54AF65B827B1B37600D118D2 /* HelloWorldView.swift in Sources */ = {isa = PBXBuildFile; fileRef = 54AF65B727B1B37600D118D2 /* HelloWorldView.swift */; };
		54AF65BA27B275FE00D118D2 /* ViewModel.swift in Sources */ = {isa = PBXBuildFile; fileRef = 54AF65B927B275FE00D118D2 /* ViewModel.swift */; };
		54AF65BD27B2DE5900D118D2 /* HelloWorldText.swift in Sources */ = {isa = PBXBuildFile; fileRef = 54AF65BC27B2DE5900D118D2 /* HelloWorldText.swift */; };
		54AF65BF27B2F2CA00D118D2 /* BlackAndWhiteColors.swift in Sources */ = {isa = PBXBuildFile; fileRef = 54AF65BE27B2F2CA00D118D2 /* BlackAndWhiteColors.swift */; };
		54E277AB27B559EF00FEAFBD /* SurpriseScreen.swift in Sources */ = {isa = PBXBuildFile; fileRef = 54E277AA27B559EF00FEAFBD /* SurpriseScreen.swift */; };
		54E277AD27B55CB900FEAFBD /* CustomAlertView.swift in Sources */ = {isa = PBXBuildFile; fileRef = 54E277AC27B55CB900FEAFBD /* CustomAlertView.swift */; };
/* End PBXBuildFile section */

/* Begin PBXFileReference section */
		5436EA8627B5959E0034AC04 /* SideMenuForSurpriseScreen.swift */ = {isa = PBXFileReference; lastKnownFileType = sourcecode.swift; path = SideMenuForSurpriseScreen.swift; sourceTree = "<group>"; };
		5436EA8827B598350034AC04 /* SurpriseScreenHelloWorldView.swift */ = {isa = PBXFileReference; lastKnownFileType = sourcecode.swift; path = SurpriseScreenHelloWorldView.swift; sourceTree = "<group>"; };
		5458C4E327B30AFF008FA00C /* AlertHelper.swift */ = {isa = PBXFileReference; lastKnownFileType = sourcecode.swift; path = AlertHelper.swift; sourceTree = "<group>"; };
		54AF657527B1953300D118D2 /* JustHelloWorld.app */ = {isa = PBXFileReference; explicitFileType = wrapper.application; includeInIndex = 0; path = JustHelloWorld.app; sourceTree = BUILT_PRODUCTS_DIR; };
		54AF657827B1953300D118D2 /* JustHelloWorldApp.swift */ = {isa = PBXFileReference; lastKnownFileType = sourcecode.swift; path = JustHelloWorldApp.swift; sourceTree = "<group>"; };
		54AF657A27B1953300D118D2 /* ContentView.swift */ = {isa = PBXFileReference; lastKnownFileType = sourcecode.swift; path = ContentView.swift; sourceTree = "<group>"; };
		54AF657C27B1953400D118D2 /* Assets.xcassets */ = {isa = PBXFileReference; lastKnownFileType = folder.assetcatalog; path = Assets.xcassets; sourceTree = "<group>"; };
		54AF657F27B1953400D118D2 /* Preview Assets.xcassets */ = {isa = PBXFileReference; lastKnownFileType = folder.assetcatalog; path = "Preview Assets.xcassets"; sourceTree = "<group>"; };
		54AF658627B1980E00D118D2 /* Info.plist */ = {isa = PBXFileReference; lastKnownFileType = text.plist.xml; path = Info.plist; sourceTree = "<group>"; };
		54AF658727B19F2C00D118D2 /* ViewRouter.swift */ = {isa = PBXFileReference; lastKnownFileType = sourcecode.swift; path = ViewRouter.swift; sourceTree = "<group>"; };
		54AF658D27B19FD900D118D2 /* LaunchScreen.swift */ = {isa = PBXFileReference; lastKnownFileType = sourcecode.swift; path = LaunchScreen.swift; sourceTree = "<group>"; };
		54AF658F27B19FDF00D118D2 /* MainScreen.swift */ = {isa = PBXFileReference; lastKnownFileType = sourcecode.swift; path = MainScreen.swift; sourceTree = "<group>"; };
		54AF659127B1A88D00D118D2 /* Extensions.swift */ = {isa = PBXFileReference; lastKnownFileType = sourcecode.swift; path = Extensions.swift; sourceTree = "<group>"; };
		54AF659527B1B06900D118D2 /* SideMenu.swift */ = {isa = PBXFileReference; lastKnownFileType = sourcecode.swift; path = SideMenu.swift; sourceTree = "<group>"; };
		54AF65B727B1B37600D118D2 /* HelloWorldView.swift */ = {isa = PBXFileReference; lastKnownFileType = sourcecode.swift; path = HelloWorldView.swift; sourceTree = "<group>"; };
		54AF65B927B275FE00D118D2 /* ViewModel.swift */ = {isa = PBXFileReference; lastKnownFileType = sourcecode.swift; path = ViewModel.swift; sourceTree = "<group>"; };
		54AF65BC27B2DE5900D118D2 /* HelloWorldText.swift */ = {isa = PBXFileReference; lastKnownFileType = sourcecode.swift; path = HelloWorldText.swift; sourceTree = "<group>"; };
		54AF65BE27B2F2CA00D118D2 /* BlackAndWhiteColors.swift */ = {isa = PBXFileReference; lastKnownFileType = sourcecode.swift; path = BlackAndWhiteColors.swift; sourceTree = "<group>"; };
		54E277AA27B559EF00FEAFBD /* SurpriseScreen.swift */ = {isa = PBXFileReference; lastKnownFileType = sourcecode.swift; path = SurpriseScreen.swift; sourceTree = "<group>"; };
		54E277AC27B55CB900FEAFBD /* CustomAlertView.swift */ = {isa = PBXFileReference; lastKnownFileType = sourcecode.swift; path = CustomAlertView.swift; sourceTree = "<group>"; };
/* End PBXFileReference section */

/* Begin PBXFrameworksBuildPhase section */
		54AF657227B1953300D118D2 /* Frameworks */ = {
			isa = PBXFrameworksBuildPhase;
			buildActionMask = 2147483647;
			files = (
			);
			runOnlyForDeploymentPostprocessing = 0;
		};
/* End PBXFrameworksBuildPhase section */

/* Begin PBXGroup section */
		5436EA8527B5957C0034AC04 /* Inside Surprise Screen */ = {
			isa = PBXGroup;
			children = (
				5436EA8827B598350034AC04 /* SurpriseScreenHelloWorldView.swift */,
				5436EA8627B5959E0034AC04 /* SideMenuForSurpriseScreen.swift */,
			);
			name = "Inside Surprise Screen";
			sourceTree = "<group>";
		};
		54AF656C27B1953300D118D2 = {
			isa = PBXGroup;
			children = (
				54AF657727B1953300D118D2 /* JustHelloWorld */,
				54AF657627B1953300D118D2 /* Products */,
			);
			sourceTree = "<group>";
		};
		54AF657627B1953300D118D2 /* Products */ = {
			isa = PBXGroup;
			children = (
				54AF657527B1953300D118D2 /* JustHelloWorld.app */,
			);
			name = Products;
			sourceTree = "<group>";
		};
		54AF657727B1953300D118D2 /* JustHelloWorld */ = {
			isa = PBXGroup;
			children = (
				54AF658927B19FA100D118D2 /* Resources */,
				54AF65BB27B2DE3B00D118D2 /* Model */,
				54AF658A27B19FAB00D118D2 /* View */,
				54E277A927B559D500FEAFBD /* ViewModel */,
				54AF658C27B19FC100D118D2 /* Helpers */,
				54AF658B27B19FB300D118D2 /* Appfiles */,
				54AF657E27B1953400D118D2 /* Preview Content */,
			);
			path = JustHelloWorld;
			sourceTree = "<group>";
		};
		54AF657E27B1953400D118D2 /* Preview Content */ = {
			isa = PBXGroup;
			children = (
				54AF657F27B1953400D118D2 /* Preview Assets.xcassets */,
			);
			path = "Preview Content";
			sourceTree = "<group>";
		};
		54AF658927B19FA100D118D2 /* Resources */ = {
			isa = PBXGroup;
			children = (
				54AF658627B1980E00D118D2 /* Info.plist */,
				54AF657C27B1953400D118D2 /* Assets.xcassets */,
			);
			path = Resources;
			sourceTree = "<group>";
		};
		54AF658A27B19FAB00D118D2 /* View */ = {
			isa = PBXGroup;
			children = (
				54E277A727B5598100FEAFBD /* Main */,
				54E277AE27B55CC000FEAFBD /* Components */,
			);
			path = View;
			sourceTree = "<group>";
		};
		54AF658B27B19FB300D118D2 /* Appfiles */ = {
			isa = PBXGroup;
			children = (
				54AF657827B1953300D118D2 /* JustHelloWorldApp.swift */,
			);
			path = Appfiles;
			sourceTree = "<group>";
		};
		54AF658C27B19FC100D118D2 /* Helpers */ = {
			isa = PBXGroup;
			children = (
				54AF658727B19F2C00D118D2 /* ViewRouter.swift */,
				54AF659127B1A88D00D118D2 /* Extensions.swift */,
				5458C4E327B30AFF008FA00C /* AlertHelper.swift */,
			);
			path = Helpers;
			sourceTree = "<group>";
		};
		54AF65BB27B2DE3B00D118D2 /* Model */ = {
			isa = PBXGroup;
			children = (
				54AF65BC27B2DE5900D118D2 /* HelloWorldText.swift */,
				54AF65BE27B2F2CA00D118D2 /* BlackAndWhiteColors.swift */,
			);
			path = Model;
			sourceTree = "<group>";
		};
		54E277A727B5598100FEAFBD /* Main */ = {
			isa = PBXGroup;
			children = (
				54AF657A27B1953300D118D2 /* ContentView.swift */,
				54AF658D27B19FD900D118D2 /* LaunchScreen.swift */,
				54AF658F27B19FDF00D118D2 /* MainScreen.swift */,
				54E277AA27B559EF00FEAFBD /* SurpriseScreen.swift */,
				54E277A827B559AA00FEAFBD /* Inside MainScreen */,
				5436EA8527B5957C0034AC04 /* Inside Surprise Screen */,
			);
			path = Main;
			sourceTree = "<group>";
		};
		54E277A827B559AA00FEAFBD /* Inside MainScreen */ = {
			isa = PBXGroup;
			children = (
				54AF65B727B1B37600D118D2 /* HelloWorldView.swift */,
				54AF659527B1B06900D118D2 /* SideMenu.swift */,
			);
			path = "Inside MainScreen";
			sourceTree = "<group>";
		};
		54E277A927B559D500FEAFBD /* ViewModel */ = {
			isa = PBXGroup;
			children = (
				54AF65B927B275FE00D118D2 /* ViewModel.swift */,
			);
			path = ViewModel;
			sourceTree = "<group>";
		};
		54E277AE27B55CC000FEAFBD /* Components */ = {
			isa = PBXGroup;
			children = (
				54E277AC27B55CB900FEAFBD /* CustomAlertView.swift */,
			);
			name = Components;
			sourceTree = "<group>";
		};
/* End PBXGroup section */

/* Begin PBXNativeTarget section */
		54AF657427B1953300D118D2 /* JustHelloWorld */ = {
			isa = PBXNativeTarget;
			buildConfigurationList = 54AF658327B1953400D118D2 /* Build configuration list for PBXNativeTarget "JustHelloWorld" */;
			buildPhases = (
				54AF657127B1953300D118D2 /* Sources */,
				54AF657227B1953300D118D2 /* Frameworks */,
				54AF657327B1953300D118D2 /* Resources */,
			);
			buildRules = (
			);
			dependencies = (
			);
			name = JustHelloWorld;
			productName = JustHelloWorld;
			productReference = 54AF657527B1953300D118D2 /* JustHelloWorld.app */;
			productType = "com.apple.product-type.application";
		};
/* End PBXNativeTarget section */

/* Begin PBXProject section */
		54AF656D27B1953300D118D2 /* Project object */ = {
			isa = PBXProject;
			attributes = {
				BuildIndependentTargetsInParallel = 1;
				LastSwiftUpdateCheck = 1320;
				LastUpgradeCheck = 1320;
				TargetAttributes = {
					54AF657427B1953300D118D2 = {
						CreatedOnToolsVersion = 13.2.1;
					};
				};
			};
			buildConfigurationList = 54AF657027B1953300D118D2 /* Build configuration list for PBXProject "JustHelloWorld" */;
			compatibilityVersion = "Xcode 13.0";
			developmentRegion = en;
			hasScannedForEncodings = 0;
			knownRegions = (
				en,
				Base,
			);
			mainGroup = 54AF656C27B1953300D118D2;
			productRefGroup = 54AF657627B1953300D118D2 /* Products */;
			projectDirPath = "";
			projectRoot = "";
			targets = (
				54AF657427B1953300D118D2 /* JustHelloWorld */,
			);
		};
/* End PBXProject section */

/* Begin PBXResourcesBuildPhase section */
		54AF657327B1953300D118D2 /* Resources */ = {
			isa = PBXResourcesBuildPhase;
			buildActionMask = 2147483647;
			files = (
				54AF658027B1953400D118D2 /* Preview Assets.xcassets in Resources */,
				54AF657D27B1953400D118D2 /* Assets.xcassets in Resources */,
			);
			runOnlyForDeploymentPostprocessing = 0;
		};
/* End PBXResourcesBuildPhase section */

/* Begin PBXSourcesBuildPhase section */
		54AF657127B1953300D118D2 /* Sources */ = {
			isa = PBXSourcesBuildPhase;
			buildActionMask = 2147483647;
			files = (
				5458C4E427B30AFF008FA00C /* AlertHelper.swift in Sources */,
				54AF65BF27B2F2CA00D118D2 /* BlackAndWhiteColors.swift in Sources */,
				54AF658827B19F2C00D118D2 /* ViewRouter.swift in Sources */,
				54AF659227B1A88D00D118D2 /* Extensions.swift in Sources */,
				54AF657B27B1953300D118D2 /* ContentView.swift in Sources */,
				5436EA8727B5959E0034AC04 /* SideMenuForSurpriseScreen.swift in Sources */,
				54AF659627B1B06900D118D2 /* SideMenu.swift in Sources */,
				54E277AB27B559EF00FEAFBD /* SurpriseScreen.swift in Sources */,
				54AF659027B19FDF00D118D2 /* MainScreen.swift in Sources */,
				54E277AD27B55CB900FEAFBD /* CustomAlertView.swift in Sources */,
				54AF657927B1953300D118D2 /* JustHelloWorldApp.swift in Sources */,
				54AF65BD27B2DE5900D118D2 /* HelloWorldText.swift in Sources */,
				54AF65B827B1B37600D118D2 /* HelloWorldView.swift in Sources */,
				54AF658E27B19FD900D118D2 /* LaunchScreen.swift in Sources */,
				54AF65BA27B275FE00D118D2 /* ViewModel.swift in Sources */,
				5436EA8927B598350034AC04 /* SurpriseScreenHelloWorldView.swift in Sources */,
			);
			runOnlyForDeploymentPostprocessing = 0;
		};
/* End PBXSourcesBuildPhase section */

/* Begin XCBuildConfiguration section */
		54AF658127B1953400D118D2 /* Debug */ = {
			isa = XCBuildConfiguration;
			buildSettings = {
				ALWAYS_SEARCH_USER_PATHS = NO;
				CLANG_ANALYZER_NONNULL = YES;
				CLANG_ANALYZER_NUMBER_OBJECT_CONVERSION = YES_AGGRESSIVE;
				CLANG_CXX_LANGUAGE_STANDARD = "gnu++17";
				CLANG_CXX_LIBRARY = "libc++";
				CLANG_ENABLE_MODULES = YES;
				CLANG_ENABLE_OBJC_ARC = YES;
				CLANG_ENABLE_OBJC_WEAK = YES;
				CLANG_WARN_BLOCK_CAPTURE_AUTORELEASING = YES;
				CLANG_WARN_BOOL_CONVERSION = YES;
				CLANG_WARN_COMMA = YES;
				CLANG_WARN_CONSTANT_CONVERSION = YES;
				CLANG_WARN_DEPRECATED_OBJC_IMPLEMENTATIONS = YES;
				CLANG_WARN_DIRECT_OBJC_ISA_USAGE = YES_ERROR;
				CLANG_WARN_DOCUMENTATION_COMMENTS = YES;
				CLANG_WARN_EMPTY_BODY = YES;
				CLANG_WARN_ENUM_CONVERSION = YES;
				CLANG_WARN_INFINITE_RECURSION = YES;
				CLANG_WARN_INT_CONVERSION = YES;
				CLANG_WARN_NON_LITERAL_NULL_CONVERSION = YES;
				CLANG_WARN_OBJC_IMPLICIT_RETAIN_SELF = YES;
				CLANG_WARN_OBJC_LITERAL_CONVERSION = YES;
				CLANG_WARN_OBJC_ROOT_CLASS = YES_ERROR;
				CLANG_WARN_QUOTED_INCLUDE_IN_FRAMEWORK_HEADER = YES;
				CLANG_WARN_RANGE_LOOP_ANALYSIS = YES;
				CLANG_WARN_STRICT_PROTOTYPES = YES;
				CLANG_WARN_SUSPICIOUS_MOVE = YES;
				CLANG_WARN_UNGUARDED_AVAILABILITY = YES_AGGRESSIVE;
				CLANG_WARN_UNREACHABLE_CODE = YES;
				CLANG_WARN__DUPLICATE_METHOD_MATCH = YES;
				COPY_PHASE_STRIP = NO;
				DEBUG_INFORMATION_FORMAT = dwarf;
				ENABLE_STRICT_OBJC_MSGSEND = YES;
				ENABLE_TESTABILITY = YES;
				GCC_C_LANGUAGE_STANDARD = gnu11;
				GCC_DYNAMIC_NO_PIC = NO;
				GCC_NO_COMMON_BLOCKS = YES;
				GCC_OPTIMIZATION_LEVEL = 0;
				GCC_PREPROCESSOR_DEFINITIONS = (
					"DEBUG=1",
					"$(inherited)",
				);
				GCC_WARN_64_TO_32_BIT_CONVERSION = YES;
				GCC_WARN_ABOUT_RETURN_TYPE = YES_ERROR;
				GCC_WARN_UNDECLARED_SELECTOR = YES;
				GCC_WARN_UNINITIALIZED_AUTOS = YES_AGGRESSIVE;
				GCC_WARN_UNUSED_FUNCTION = YES;
				GCC_WARN_UNUSED_VARIABLE = YES;
				IPHONEOS_DEPLOYMENT_TARGET = 15.2;
				MTL_ENABLE_DEBUG_INFO = INCLUDE_SOURCE;
				MTL_FAST_MATH = YES;
				ONLY_ACTIVE_ARCH = YES;
				SDKROOT = iphoneos;
				SWIFT_ACTIVE_COMPILATION_CONDITIONS = DEBUG;
				SWIFT_OPTIMIZATION_LEVEL = "-Onone";
			};
			name = Debug;
		};
		54AF658227B1953400D118D2 /* Release */ = {
			isa = XCBuildConfiguration;
			buildSettings = {
				ALWAYS_SEARCH_USER_PATHS = NO;
				CLANG_ANALYZER_NONNULL = YES;
				CLANG_ANALYZER_NUMBER_OBJECT_CONVERSION = YES_AGGRESSIVE;
				CLANG_CXX_LANGUAGE_STANDARD = "gnu++17";
				CLANG_CXX_LIBRARY = "libc++";
				CLANG_ENABLE_MODULES = YES;
				CLANG_ENABLE_OBJC_ARC = YES;
				CLANG_ENABLE_OBJC_WEAK = YES;
				CLANG_WARN_BLOCK_CAPTURE_AUTORELEASING = YES;
				CLANG_WARN_BOOL_CONVERSION = YES;
				CLANG_WARN_COMMA = YES;
				CLANG_WARN_CONSTANT_CONVERSION = YES;
				CLANG_WARN_DEPRECATED_OBJC_IMPLEMENTATIONS = YES;
				CLANG_WARN_DIRECT_OBJC_ISA_USAGE = YES_ERROR;
				CLANG_WARN_DOCUMENTATION_COMMENTS = YES;
				CLANG_WARN_EMPTY_BODY = YES;
				CLANG_WARN_ENUM_CONVERSION = YES;
				CLANG_WARN_INFINITE_RECURSION = YES;
				CLANG_WARN_INT_CONVERSION = YES;
				CLANG_WARN_NON_LITERAL_NULL_CONVERSION = YES;
				CLANG_WARN_OBJC_IMPLICIT_RETAIN_SELF = YES;
				CLANG_WARN_OBJC_LITERAL_CONVERSION = YES;
				CLANG_WARN_OBJC_ROOT_CLASS = YES_ERROR;
				CLANG_WARN_QUOTED_INCLUDE_IN_FRAMEWORK_HEADER = YES;
				CLANG_WARN_RANGE_LOOP_ANALYSIS = YES;
				CLANG_WARN_STRICT_PROTOTYPES = YES;
				CLANG_WARN_SUSPICIOUS_MOVE = YES;
				CLANG_WARN_UNGUARDED_AVAILABILITY = YES_AGGRESSIVE;
				CLANG_WARN_UNREACHABLE_CODE = YES;
				CLANG_WARN__DUPLICATE_METHOD_MATCH = YES;
				COPY_PHASE_STRIP = NO;
				DEBUG_INFORMATION_FORMAT = "dwarf-with-dsym";
				ENABLE_NS_ASSERTIONS = NO;
				ENABLE_STRICT_OBJC_MSGSEND = YES;
				GCC_C_LANGUAGE_STANDARD = gnu11;
				GCC_NO_COMMON_BLOCKS = YES;
				GCC_WARN_64_TO_32_BIT_CONVERSION = YES;
				GCC_WARN_ABOUT_RETURN_TYPE = YES_ERROR;
				GCC_WARN_UNDECLARED_SELECTOR = YES;
				GCC_WARN_UNINITIALIZED_AUTOS = YES_AGGRESSIVE;
				GCC_WARN_UNUSED_FUNCTION = YES;
				GCC_WARN_UNUSED_VARIABLE = YES;
				IPHONEOS_DEPLOYMENT_TARGET = 15.2;
				MTL_ENABLE_DEBUG_INFO = NO;
				MTL_FAST_MATH = YES;
				SDKROOT = iphoneos;
				SWIFT_COMPILATION_MODE = wholemodule;
				SWIFT_OPTIMIZATION_LEVEL = "-O";
				VALIDATE_PRODUCT = YES;
			};
			name = Release;
		};
		54AF658427B1953400D118D2 /* Debug */ = {
			isa = XCBuildConfiguration;
			buildSettings = {
				ASSETCATALOG_COMPILER_APPICON_NAME = AppIcon;
				ASSETCATALOG_COMPILER_GLOBAL_ACCENT_COLOR_NAME = AccentColor;
				CODE_SIGN_STYLE = Automatic;
				CURRENT_PROJECT_VERSION = 1;
				DEVELOPMENT_ASSET_PATHS = "\"JustHelloWorld/Preview Content\"";
				DEVELOPMENT_TEAM = 37TC2VKVJ6;
				ENABLE_PREVIEWS = YES;
				GENERATE_INFOPLIST_FILE = YES;
				INFOPLIST_FILE = JustHelloWorld/Resources/Info.plist;
				INFOPLIST_KEY_UIApplicationSceneManifest_Generation = YES;
				INFOPLIST_KEY_UIApplicationSupportsIndirectInputEvents = YES;
				INFOPLIST_KEY_UILaunchScreen_Generation = YES;
				INFOPLIST_KEY_UISupportedInterfaceOrientations = UIInterfaceOrientationPortrait;
				INFOPLIST_KEY_UISupportedInterfaceOrientations_iPhone = UIInterfaceOrientationPortrait;
				IPHONEOS_DEPLOYMENT_TARGET = 14.0;
				LD_RUNPATH_SEARCH_PATHS = (
					"$(inherited)",
					"@executable_path/Frameworks",
				);
				MARKETING_VERSION = 1.2;
				PRODUCT_BUNDLE_IDENTIFIER = com.walhallaa.JustHelloWorld;
				PRODUCT_NAME = "$(TARGET_NAME)";
				SWIFT_EMIT_LOC_STRINGS = YES;
				SWIFT_VERSION = 5.0;
				TARGETED_DEVICE_FAMILY = 1;
			};
			name = Debug;
		};
		54AF658527B1953400D118D2 /* Release */ = {
			isa = XCBuildConfiguration;
			buildSettings = {
				ASSETCATALOG_COMPILER_APPICON_NAME = AppIcon;
				ASSETCATALOG_COMPILER_GLOBAL_ACCENT_COLOR_NAME = AccentColor;
				CODE_SIGN_STYLE = Automatic;
				CURRENT_PROJECT_VERSION = 1;
				DEVELOPMENT_ASSET_PATHS = "\"JustHelloWorld/Preview Content\"";
				DEVELOPMENT_TEAM = 37TC2VKVJ6;
				ENABLE_PREVIEWS = YES;
				GENERATE_INFOPLIST_FILE = YES;
				INFOPLIST_FILE = JustHelloWorld/Resources/Info.plist;
				INFOPLIST_KEY_UIApplicationSceneManifest_Generation = YES;
				INFOPLIST_KEY_UIApplicationSupportsIndirectInputEvents = YES;
				INFOPLIST_KEY_UILaunchScreen_Generation = YES;
				INFOPLIST_KEY_UISupportedInterfaceOrientations = UIInterfaceOrientationPortrait;
				INFOPLIST_KEY_UISupportedInterfaceOrientations_iPhone = UIInterfaceOrientationPortrait;
				IPHONEOS_DEPLOYMENT_TARGET = 14.0;
				LD_RUNPATH_SEARCH_PATHS = (
					"$(inherited)",
					"@executable_path/Frameworks",
				);
				MARKETING_VERSION = 1.2;
				PRODUCT_BUNDLE_IDENTIFIER = com.walhallaa.JustHelloWorld;
				PRODUCT_NAME = "$(TARGET_NAME)";
				SWIFT_EMIT_LOC_STRINGS = YES;
				SWIFT_VERSION = 5.0;
				TARGETED_DEVICE_FAMILY = 1;
			};
			name = Release;
		};
/* End XCBuildConfiguration section */

/* Begin XCConfigurationList section */
		54AF657027B1953300D118D2 /* Build configuration list for PBXProject "JustHelloWorld" */ = {
			isa = XCConfigurationList;
			buildConfigurations = (
				54AF658127B1953400D118D2 /* Debug */,
				54AF658227B1953400D118D2 /* Release */,
			);
			defaultConfigurationIsVisible = 0;
			defaultConfigurationName = Release;
		};
		54AF658327B1953400D118D2 /* Build configuration list for PBXNativeTarget "JustHelloWorld" */ = {
			isa = XCConfigurationList;
			buildConfigurations = (
				54AF658427B1953400D118D2 /* Debug */,
				54AF658527B1953400D118D2 /* Release */,
			);
			defaultConfigurationIsVisible = 0;
			defaultConfigurationName = Release;
		};
/* End XCConfigurationList section */
	};
	rootObject = 54AF656D27B1953300D118D2 /* Project object */;
}
