// !$*UTF8*$!
{
	archiveVersion = 1;
	classes = {
	};
	objectVersion = 55;
	objects = {

/* Begin PBXBuildFile section */
		5436EA8727B5959E0034AC04 /* SideMenuForSurpriseScreen.swift in Sources */ = {isa = PBXBuildFile; fileRef = 5436EA8627B5959E0034AC04 /* SideMenuForSurpriseScreen.swift */; };
		5436EA8927B598350034AC04 /* SurpriseScreenHelloWorldView.swift in Sources */ = {isa = PBXBuildFile; fileRef = 5436EA8827B598350034AC04 /* SurpriseScreenHelloWorldView.swift */; };
		5436EA8D27B642640034AC04 /* AVPlayerHelper.swift in Sources */ = {isa = PBXBuildFile; fileRef = 5436EA8C27B642640034AC04 /* AVPlayerHelper.swift */; };
		5436EA8F27B6438D0034AC04 /* MatrixVideoScreen.swift in Sources */ = {isa = PBXBuildFile; fileRef = 5436EA8E27B6438D0034AC04 /* MatrixVideoScreen.swift */; };
		5436EA9127B6446B0034AC04 /* LoginScreen.swift in Sources */ = {isa = PBXBuildFile; fileRef = 5436EA9027B6446B0034AC04 /* LoginScreen.swift */; };
		5436EA9327B65B320034AC04 /* CustomTextField.swift in Sources */ = {isa = PBXBuildFile; fileRef = 5436EA9227B65B320034AC04 /* CustomTextField.swift */; };
		5436EA9527B65FA70034AC04 /* CustomSecureField.swift in Sources */ = {isa = PBXBuildFile; fileRef = 5436EA9427B65FA70034AC04 /* CustomSecureField.swift */; };
		5458C4E427B30AFF008FA00C /* AlertHelper.swift in Sources */ = {isa = PBXBuildFile; fileRef = 5458C4E327B30AFF008FA00C /* AlertHelper.swift */; };
		546A77D327D524280078F986 /* MatrixRainView.swift in Sources */ = {isa = PBXBuildFile; fileRef = 546A77D227D524280078F986 /* MatrixRainView.swift */; };
		54AF657927B1953300D118D2 /* JustHelloWorldApp.swift in Sources */ = {isa = PBXBuildFile; fileRef = 54AF657827B1953300D118D2 /* JustHelloWorldApp.swift */; };
		54AF657B27B1953300D118D2 /* ContentView.swift in Sources */ = {isa = PBXBuildFile; fileRef = 54AF657A27B1953300D118D2 /* ContentView.swift */; };
		54AF657D27B1953400D118D2 /* Assets.xcassets in Resources */ = {isa = PBXBuildFile; fileRef = 54AF657C27B1953400D118D2 /* Assets.xcassets */; };
		54AF658027B1953400D118D2 /* Preview Assets.xcassets in Resources */ = {isa = PBXBuildFile; fileRef = 54AF657F27B1953400D118D2 /* Preview Assets.xcassets */; };
		54AF658827B19F2C00D118D2 /* ViewRouter.swift in Sources */ = {isa = PBXBuildFile; fileRef = 54AF658727B19F2C00D118D2 /* ViewRouter.swift */; };
		54AF658E27B19FD900D118D2 /* LaunchScreen.swift in Sources */ = {isa = PBXBuildFile; fileRef = 54AF658D27B19FD900D118D2 /* LaunchScreen.swift */; };
		54AF659027B19FDF00D118D2 /* MainScreen.swift in Sources */ = {isa = PBXBuildFile; fileRef = 54AF658F27B19FDF00D118D2 /* MainScreen.swift */; };
		54AF659227B1A88D00D118D2 /* Extensions.swift in Sources */ = {isa = PBXBuildFile; fileRef = 54AF659127B1A88D00D118D2 /* Extensions.swift */; };
		54AF659627B1B06900D118D2 /* SideMenu.swift in Sources */ = {isa = PBXBuildFile; fileRef = 54AF659527B1B06900D118D2 /* SideMenu.swift */; };
		54AF65B827B1B37600D118D2 /* HelloWorldView.swift in Sources */ = {isa = PBXBuildFile; fileRef = 54AF65B727B1B37600D118D2 /* HelloWorldView.swift */; };
		54AF65BA27B275FE00D118D2 /* ViewModel.swift in Sources */ = {isa = PBXBuildFile; fileRef = 54AF65B927B275FE00D118D2 /* ViewModel.swift */; };
		54AF65BD27B2DE5900D118D2 /* HelloWorldText.swift in Sources */ = {isa = PBXBuildFile; fileRef = 54AF65BC27B2DE5900D118D2 /* HelloWorldText.swift */; };
		54AF65BF27B2F2CA00D118D2 /* BlackAndWhiteColors.swift in Sources */ = {isa = PBXBuildFile; fileRef = 54AF65BE27B2F2CA00D118D2 /* BlackAndWhiteColors.swift */; };
		54E277AB27B559EF00FEAFBD /* SurpriseScreen.swift in Sources */ = {isa = PBXBuildFile; fileRef = 54E277AA27B559EF00FEAFBD /* SurpriseScreen.swift */; };
		54E277AD27B55CB900FEAFBD /* CustomAlertView.swift in Sources */ = {isa = PBXBuildFile; fileRef = 54E277AC27B55CB900FEAFBD /* CustomAlertView.swift */; };
		54EEB74F27DCC4EF00E3381E /* FirebaseAuth in Frameworks */ = {isa = PBXBuildFile; productRef = 54EEB74E27DCC4EF00E3381E /* FirebaseAuth */; };
		54EEB75127DCC4EF00E3381E /* FirebaseFirestoreSwift-Beta in Frameworks */ = {isa = PBXBuildFile; productRef = 54EEB75027DCC4EF00E3381E /* FirebaseFirestoreSwift-Beta */; };
		54EEB75327DCC4EF00E3381E /* FirebaseMessaging in Frameworks */ = {isa = PBXBuildFile; productRef = 54EEB75227DCC4EF00E3381E /* FirebaseMessaging */; };
		54EEB75527DCC4EF00E3381E /* FirebaseStorage in Frameworks */ = {isa = PBXBuildFile; productRef = 54EEB75427DCC4EF00E3381E /* FirebaseStorage */; };
		54EEB75727DCC50500E3381E /* GoogleService-Info.plist in Resources */ = {isa = PBXBuildFile; fileRef = 54EEB75627DCC50400E3381E /* GoogleService-Info.plist */; };
		54EEB75927DCC6BE00E3381E /* AppGlobal.swift in Sources */ = {isa = PBXBuildFile; fileRef = 54EEB75827DCC6BE00E3381E /* AppGlobal.swift */; };
		54EEB75C27DCCD6000E3381E /* AuthManager.swift in Sources */ = {isa = PBXBuildFile; fileRef = 54EEB75B27DCCD6000E3381E /* AuthManager.swift */; };
		54EEB75E27DCCD7800E3381E /* SensitiveData.swift in Sources */ = {isa = PBXBuildFile; fileRef = 54EEB75D27DCCD7800E3381E /* SensitiveData.swift */; };
		54EEB76327DCCE7D00E3381E /* Lottie in Frameworks */ = {isa = PBXBuildFile; productRef = 54EEB76227DCCE7D00E3381E /* Lottie */; };
		54EEB76527DCCF1B00E3381E /* LoaderView.swift in Sources */ = {isa = PBXBuildFile; fileRef = 54EEB76427DCCF1B00E3381E /* LoaderView.swift */; };
		54EEB76927DCD0BD00E3381E /* Constants.swift in Sources */ = {isa = PBXBuildFile; fileRef = 54EEB76827DCD0BD00E3381E /* Constants.swift */; };
		54EEB76B27DCDF8300E3381E /* RabbitHoleHub.swift in Sources */ = {isa = PBXBuildFile; fileRef = 54EEB76A27DCDF8300E3381E /* RabbitHoleHub.swift */; };
		54EEB76E27DD244400E3381E /* TerminalChat.swift in Sources */ = {isa = PBXBuildFile; fileRef = 54EEB76D27DD244400E3381E /* TerminalChat.swift */; };
		54EEB77727DD28DD00E3381E /* TriviaManager.swift in Sources */ = {isa = PBXBuildFile; fileRef = 54EEB77627DD28DD00E3381E /* TriviaManager.swift */; };
		54EEB77927DD293A00E3381E /* QuizGame.swift in Sources */ = {isa = PBXBuildFile; fileRef = 54EEB77827DD293A00E3381E /* QuizGame.swift */; };
		54EEB77B27DD294C00E3381E /* TriviaView.swift in Sources */ = {isa = PBXBuildFile; fileRef = 54EEB77A27DD294C00E3381E /* TriviaView.swift */; };
		54EEB77D27DD295900E3381E /* QuestionView.swift in Sources */ = {isa = PBXBuildFile; fileRef = 54EEB77C27DD295900E3381E /* QuestionView.swift */; };
		54EEB78227DD2A1A00E3381E /* AnswerRow.swift in Sources */ = {isa = PBXBuildFile; fileRef = 54EEB78127DD2A1A00E3381E /* AnswerRow.swift */; };
		54EEB78427DD2A2900E3381E /* ProgressBar.swift in Sources */ = {isa = PBXBuildFile; fileRef = 54EEB78327DD2A2900E3381E /* ProgressBar.swift */; };
		54EEB78827DD2A5000E3381E /* Trivia.swift in Sources */ = {isa = PBXBuildFile; fileRef = 54EEB78727DD2A5000E3381E /* Trivia.swift */; };
		54EEB78A27DD2A6200E3381E /* Answer.swift in Sources */ = {isa = PBXBuildFile; fileRef = 54EEB78927DD2A6200E3381E /* Answer.swift */; };
		54EEB78C27DD386F00E3381E /* TicTacToeAlerts.swift in Sources */ = {isa = PBXBuildFile; fileRef = 54EEB78B27DD386F00E3381E /* TicTacToeAlerts.swift */; };
		54EEB79027DD38D000E3381E /* GameViewEasy.swift in Sources */ = {isa = PBXBuildFile; fileRef = 54EEB78F27DD38D000E3381E /* GameViewEasy.swift */; };
		54EEB79227DD38E200E3381E /* GameViewMedium.swift in Sources */ = {isa = PBXBuildFile; fileRef = 54EEB79127DD38E200E3381E /* GameViewMedium.swift */; };
		54EEB79427DD38FD00E3381E /* GameViewHard.swift in Sources */ = {isa = PBXBuildFile; fileRef = 54EEB79327DD38FD00E3381E /* GameViewHard.swift */; };
		54EEB79A27DD395A00E3381E /* ChooseGameModeView.swift in Sources */ = {isa = PBXBuildFile; fileRef = 54EEB79927DD395A00E3381E /* ChooseGameModeView.swift */; };
		54EEB79C27DD39CB00E3381E /* TicTacToeContentView.swift in Sources */ = {isa = PBXBuildFile; fileRef = 54EEB79B27DD39CB00E3381E /* TicTacToeContentView.swift */; };
		54EEB79E27DD3B3900E3381E /* GameViewModelEasy.swift in Sources */ = {isa = PBXBuildFile; fileRef = 54EEB79D27DD3B3900E3381E /* GameViewModelEasy.swift */; };
		54EEB7A027DD3B5C00E3381E /* GameViewModelMedium.swift in Sources */ = {isa = PBXBuildFile; fileRef = 54EEB79F27DD3B5C00E3381E /* GameViewModelMedium.swift */; };
		54EEB7A227DD3B8800E3381E /* GameViewModelHard.swift in Sources */ = {isa = PBXBuildFile; fileRef = 54EEB7A127DD3B8800E3381E /* GameViewModelHard.swift */; };
/* End PBXBuildFile section */

/* Begin PBXFileReference section */
		5436EA8627B5959E0034AC04 /* SideMenuForSurpriseScreen.swift */ = {isa = PBXFileReference; lastKnownFileType = sourcecode.swift; path = SideMenuForSurpriseScreen.swift; sourceTree = "<group>"; };
		5436EA8827B598350034AC04 /* SurpriseScreenHelloWorldView.swift */ = {isa = PBXFileReference; lastKnownFileType = sourcecode.swift; path = SurpriseScreenHelloWorldView.swift; sourceTree = "<group>"; };
		5436EA8C27B642640034AC04 /* AVPlayerHelper.swift */ = {isa = PBXFileReference; lastKnownFileType = sourcecode.swift; path = AVPlayerHelper.swift; sourceTree = "<group>"; };
		5436EA8E27B6438D0034AC04 /* MatrixVideoScreen.swift */ = {isa = PBXFileReference; lastKnownFileType = sourcecode.swift; path = MatrixVideoScreen.swift; sourceTree = "<group>"; };
		5436EA9027B6446B0034AC04 /* LoginScreen.swift */ = {isa = PBXFileReference; lastKnownFileType = sourcecode.swift; path = LoginScreen.swift; sourceTree = "<group>"; };
		5436EA9227B65B320034AC04 /* CustomTextField.swift */ = {isa = PBXFileReference; lastKnownFileType = sourcecode.swift; path = CustomTextField.swift; sourceTree = "<group>"; };
		5436EA9427B65FA70034AC04 /* CustomSecureField.swift */ = {isa = PBXFileReference; lastKnownFileType = sourcecode.swift; path = CustomSecureField.swift; sourceTree = "<group>"; };
		5458C4E327B30AFF008FA00C /* AlertHelper.swift */ = {isa = PBXFileReference; lastKnownFileType = sourcecode.swift; path = AlertHelper.swift; sourceTree = "<group>"; };
		546A77D227D524280078F986 /* MatrixRainView.swift */ = {isa = PBXFileReference; lastKnownFileType = sourcecode.swift; path = MatrixRainView.swift; sourceTree = "<group>"; };
		54AF657527B1953300D118D2 /* JustHelloWorld.app */ = {isa = PBXFileReference; explicitFileType = wrapper.application; includeInIndex = 0; path = JustHelloWorld.app; sourceTree = BUILT_PRODUCTS_DIR; };
		54AF657827B1953300D118D2 /* JustHelloWorldApp.swift */ = {isa = PBXFileReference; lastKnownFileType = sourcecode.swift; path = JustHelloWorldApp.swift; sourceTree = "<group>"; };
		54AF657A27B1953300D118D2 /* ContentView.swift */ = {isa = PBXFileReference; lastKnownFileType = sourcecode.swift; path = ContentView.swift; sourceTree = "<group>"; };
		54AF657C27B1953400D118D2 /* Assets.xcassets */ = {isa = PBXFileReference; lastKnownFileType = folder.assetcatalog; path = Assets.xcassets; sourceTree = "<group>"; };
		54AF657F27B1953400D118D2 /* Preview Assets.xcassets */ = {isa = PBXFileReference; lastKnownFileType = folder.assetcatalog; path = "Preview Assets.xcassets"; sourceTree = "<group>"; };
		54AF658627B1980E00D118D2 /* Info.plist */ = {isa = PBXFileReference; lastKnownFileType = text.plist.xml; path = Info.plist; sourceTree = "<group>"; };
		54AF658727B19F2C00D118D2 /* ViewRouter.swift */ = {isa = PBXFileReference; lastKnownFileType = sourcecode.swift; path = ViewRouter.swift; sourceTree = "<group>"; };
		54AF658D27B19FD900D118D2 /* LaunchScreen.swift */ = {isa = PBXFileReference; lastKnownFileType = sourcecode.swift; path = LaunchScreen.swift; sourceTree = "<group>"; };
		54AF658F27B19FDF00D118D2 /* MainScreen.swift */ = {isa = PBXFileReference; lastKnownFileType = sourcecode.swift; path = MainScreen.swift; sourceTree = "<group>"; };
		54AF659127B1A88D00D118D2 /* Extensions.swift */ = {isa = PBXFileReference; lastKnownFileType = sourcecode.swift; path = Extensions.swift; sourceTree = "<group>"; };
		54AF659527B1B06900D118D2 /* SideMenu.swift */ = {isa = PBXFileReference; lastKnownFileType = sourcecode.swift; path = SideMenu.swift; sourceTree = "<group>"; };
		54AF65B727B1B37600D118D2 /* HelloWorldView.swift */ = {isa = PBXFileReference; lastKnownFileType = sourcecode.swift; path = HelloWorldView.swift; sourceTree = "<group>"; };
		54AF65B927B275FE00D118D2 /* ViewModel.swift */ = {isa = PBXFileReference; lastKnownFileType = sourcecode.swift; path = ViewModel.swift; sourceTree = "<group>"; };
		54AF65BC27B2DE5900D118D2 /* HelloWorldText.swift */ = {isa = PBXFileReference; lastKnownFileType = sourcecode.swift; path = HelloWorldText.swift; sourceTree = "<group>"; };
		54AF65BE27B2F2CA00D118D2 /* BlackAndWhiteColors.swift */ = {isa = PBXFileReference; lastKnownFileType = sourcecode.swift; path = BlackAndWhiteColors.swift; sourceTree = "<group>"; };
		54E277AA27B559EF00FEAFBD /* SurpriseScreen.swift */ = {isa = PBXFileReference; lastKnownFileType = sourcecode.swift; path = SurpriseScreen.swift; sourceTree = "<group>"; };
		54E277AC27B55CB900FEAFBD /* CustomAlertView.swift */ = {isa = PBXFileReference; lastKnownFileType = sourcecode.swift; path = CustomAlertView.swift; sourceTree = "<group>"; };
		54EEB75627DCC50400E3381E /* GoogleService-Info.plist */ = {isa = PBXFileReference; fileEncoding = 4; lastKnownFileType = text.plist.xml; path = "GoogleService-Info.plist"; sourceTree = "<group>"; };
		54EEB75827DCC6BE00E3381E /* AppGlobal.swift */ = {isa = PBXFileReference; lastKnownFileType = sourcecode.swift; path = AppGlobal.swift; sourceTree = "<group>"; };
		54EEB75B27DCCD6000E3381E /* AuthManager.swift */ = {isa = PBXFileReference; lastKnownFileType = sourcecode.swift; path = AuthManager.swift; sourceTree = "<group>"; };
		54EEB75D27DCCD7800E3381E /* SensitiveData.swift */ = {isa = PBXFileReference; lastKnownFileType = sourcecode.swift; path = SensitiveData.swift; sourceTree = "<group>"; };
		54EEB76427DCCF1B00E3381E /* LoaderView.swift */ = {isa = PBXFileReference; lastKnownFileType = sourcecode.swift; path = LoaderView.swift; sourceTree = "<group>"; };
		54EEB76827DCD0BD00E3381E /* Constants.swift */ = {isa = PBXFileReference; lastKnownFileType = sourcecode.swift; path = Constants.swift; sourceTree = "<group>"; };
		54EEB76A27DCDF8300E3381E /* RabbitHoleHub.swift */ = {isa = PBXFileReference; lastKnownFileType = sourcecode.swift; path = RabbitHoleHub.swift; sourceTree = "<group>"; };
		54EEB76D27DD244400E3381E /* TerminalChat.swift */ = {isa = PBXFileReference; lastKnownFileType = sourcecode.swift; path = TerminalChat.swift; sourceTree = "<group>"; };
		54EEB77627DD28DD00E3381E /* TriviaManager.swift */ = {isa = PBXFileReference; lastKnownFileType = sourcecode.swift; path = TriviaManager.swift; sourceTree = "<group>"; };
		54EEB77827DD293A00E3381E /* QuizGame.swift */ = {isa = PBXFileReference; lastKnownFileType = sourcecode.swift; path = QuizGame.swift; sourceTree = "<group>"; };
		54EEB77A27DD294C00E3381E /* TriviaView.swift */ = {isa = PBXFileReference; lastKnownFileType = sourcecode.swift; path = TriviaView.swift; sourceTree = "<group>"; };
		54EEB77C27DD295900E3381E /* QuestionView.swift */ = {isa = PBXFileReference; lastKnownFileType = sourcecode.swift; path = QuestionView.swift; sourceTree = "<group>"; };
		54EEB78127DD2A1A00E3381E /* AnswerRow.swift */ = {isa = PBXFileReference; lastKnownFileType = sourcecode.swift; path = AnswerRow.swift; sourceTree = "<group>"; };
		54EEB78327DD2A2900E3381E /* ProgressBar.swift */ = {isa = PBXFileReference; lastKnownFileType = sourcecode.swift; path = ProgressBar.swift; sourceTree = "<group>"; };
		54EEB78727DD2A5000E3381E /* Trivia.swift */ = {isa = PBXFileReference; lastKnownFileType = sourcecode.swift; path = Trivia.swift; sourceTree = "<group>"; };
		54EEB78927DD2A6200E3381E /* Answer.swift */ = {isa = PBXFileReference; lastKnownFileType = sourcecode.swift; path = Answer.swift; sourceTree = "<group>"; };
		54EEB78B27DD386F00E3381E /* TicTacToeAlerts.swift */ = {isa = PBXFileReference; lastKnownFileType = sourcecode.swift; path = TicTacToeAlerts.swift; sourceTree = "<group>"; };
		54EEB78F27DD38D000E3381E /* GameViewEasy.swift */ = {isa = PBXFileReference; lastKnownFileType = sourcecode.swift; path = GameViewEasy.swift; sourceTree = "<group>"; };
		54EEB79127DD38E200E3381E /* GameViewMedium.swift */ = {isa = PBXFileReference; lastKnownFileType = sourcecode.swift; path = GameViewMedium.swift; sourceTree = "<group>"; };
		54EEB79327DD38FD00E3381E /* GameViewHard.swift */ = {isa = PBXFileReference; lastKnownFileType = sourcecode.swift; path = GameViewHard.swift; sourceTree = "<group>"; };
		54EEB79927DD395A00E3381E /* ChooseGameModeView.swift */ = {isa = PBXFileReference; lastKnownFileType = sourcecode.swift; path = ChooseGameModeView.swift; sourceTree = "<group>"; };
		54EEB79B27DD39CB00E3381E /* TicTacToeContentView.swift */ = {isa = PBXFileReference; lastKnownFileType = sourcecode.swift; path = TicTacToeContentView.swift; sourceTree = "<group>"; };
		54EEB79D27DD3B3900E3381E /* GameViewModelEasy.swift */ = {isa = PBXFileReference; lastKnownFileType = sourcecode.swift; path = GameViewModelEasy.swift; sourceTree = "<group>"; };
		54EEB79F27DD3B5C00E3381E /* GameViewModelMedium.swift */ = {isa = PBXFileReference; lastKnownFileType = sourcecode.swift; path = GameViewModelMedium.swift; sourceTree = "<group>"; };
		54EEB7A127DD3B8800E3381E /* GameViewModelHard.swift */ = {isa = PBXFileReference; lastKnownFileType = sourcecode.swift; path = GameViewModelHard.swift; sourceTree = "<group>"; };
/* End PBXFileReference section */

/* Begin PBXFrameworksBuildPhase section */
		54AF657227B1953300D118D2 /* Frameworks */ = {
			isa = PBXFrameworksBuildPhase;
			buildActionMask = 2147483647;
			files = (
				54EEB76327DCCE7D00E3381E /* Lottie in Frameworks */,
				54EEB75327DCC4EF00E3381E /* FirebaseMessaging in Frameworks */,
				54EEB75527DCC4EF00E3381E /* FirebaseStorage in Frameworks */,
				54EEB74F27DCC4EF00E3381E /* FirebaseAuth in Frameworks */,
				54EEB75127DCC4EF00E3381E /* FirebaseFirestoreSwift-Beta in Frameworks */,
			);
			runOnlyForDeploymentPostprocessing = 0;
		};
/* End PBXFrameworksBuildPhase section */

/* Begin PBXGroup section */
		5436EA8527B5957C0034AC04 /* Inside Surprise Screen */ = {
			isa = PBXGroup;
			children = (
				5436EA8627B5959E0034AC04 /* SideMenuForSurpriseScreen.swift */,
				5436EA8827B598350034AC04 /* SurpriseScreenHelloWorldView.swift */,
			);
			name = "Inside Surprise Screen";
			sourceTree = "<group>";
		};
		54AF656C27B1953300D118D2 = {
			isa = PBXGroup;
			children = (
				54AF657727B1953300D118D2 /* JustHelloWorld */,
				54AF657627B1953300D118D2 /* Products */,
			);
			sourceTree = "<group>";
		};
		54AF657627B1953300D118D2 /* Products */ = {
			isa = PBXGroup;
			children = (
				54AF657527B1953300D118D2 /* JustHelloWorld.app */,
			);
			name = Products;
			sourceTree = "<group>";
		};
		54AF657727B1953300D118D2 /* JustHelloWorld */ = {
			isa = PBXGroup;
			children = (
				54AF658927B19FA100D118D2 /* Resources */,
				54AF65BB27B2DE3B00D118D2 /* Model */,
				54AF658A27B19FAB00D118D2 /* View */,
				54E277A927B559D500FEAFBD /* ViewModel */,
				54AF658C27B19FC100D118D2 /* Helpers */,
				54AF658B27B19FB300D118D2 /* Appfiles */,
				54AF657E27B1953400D118D2 /* Preview Content */,
			);
			path = JustHelloWorld;
			sourceTree = "<group>";
		};
		54AF657E27B1953400D118D2 /* Preview Content */ = {
			isa = PBXGroup;
			children = (
				54AF657F27B1953400D118D2 /* Preview Assets.xcassets */,
			);
			path = "Preview Content";
			sourceTree = "<group>";
		};
		54AF658927B19FA100D118D2 /* Resources */ = {
			isa = PBXGroup;
			children = (
				54AF658627B1980E00D118D2 /* Info.plist */,
				54EEB75627DCC50400E3381E /* GoogleService-Info.plist */,
				54AF657C27B1953400D118D2 /* Assets.xcassets */,
			);
			path = Resources;
			sourceTree = "<group>";
		};
		54AF658A27B19FAB00D118D2 /* View */ = {
			isa = PBXGroup;
			children = (
				54E277A727B5598100FEAFBD /* Main */,
				54EEB76C27DCF13300E3381E /* Rabbit Hole Hub */,
				54EEB77427DD289300E3381E /* Tic Tac Toe */,
				54EEB77527DD28A200E3381E /* Wordle */,
				54E277AE27B55CC000FEAFBD /* Components */,
			);
			path = View;
			sourceTree = "<group>";
		};
		54AF658B27B19FB300D118D2 /* Appfiles */ = {
			isa = PBXGroup;
			children = (
				54AF657827B1953300D118D2 /* JustHelloWorldApp.swift */,
				54EEB75827DCC6BE00E3381E /* AppGlobal.swift */,
			);
			path = Appfiles;
			sourceTree = "<group>";
		};
		54AF658C27B19FC100D118D2 /* Helpers */ = {
			isa = PBXGroup;
			children = (
				54AF659127B1A88D00D118D2 /* Extensions.swift */,
				54AF658727B19F2C00D118D2 /* ViewRouter.swift */,
				5458C4E327B30AFF008FA00C /* AlertHelper.swift */,
				5436EA8C27B642640034AC04 /* AVPlayerHelper.swift */,
				54EEB76427DCCF1B00E3381E /* LoaderView.swift */,
				54EEB76827DCD0BD00E3381E /* Constants.swift */,
			);
			path = Helpers;
			sourceTree = "<group>";
		};
		54AF65BB27B2DE3B00D118D2 /* Model */ = {
			isa = PBXGroup;
			children = (
				54AF65BC27B2DE5900D118D2 /* HelloWorldText.swift */,
				54AF65BE27B2F2CA00D118D2 /* BlackAndWhiteColors.swift */,
			);
			path = Model;
			sourceTree = "<group>";
		};
		54E277A727B5598100FEAFBD /* Main */ = {
			isa = PBXGroup;
			children = (
				54AF657A27B1953300D118D2 /* ContentView.swift */,
				54AF658D27B19FD900D118D2 /* LaunchScreen.swift */,
				54AF658F27B19FDF00D118D2 /* MainScreen.swift */,
				54E277A827B559AA00FEAFBD /* Inside MainScreen */,
				54E277AA27B559EF00FEAFBD /* SurpriseScreen.swift */,
				5436EA8527B5957C0034AC04 /* Inside Surprise Screen */,
				5436EA8E27B6438D0034AC04 /* MatrixVideoScreen.swift */,
				54EEB75A27DCCD3D00E3381E /* Login Screen */,
			);
			path = Main;
			sourceTree = "<group>";
		};
		54E277A827B559AA00FEAFBD /* Inside MainScreen */ = {
			isa = PBXGroup;
			children = (
				54AF659527B1B06900D118D2 /* SideMenu.swift */,
				54AF65B727B1B37600D118D2 /* HelloWorldView.swift */,
			);
			path = "Inside MainScreen";
			sourceTree = "<group>";
		};
		54E277A927B559D500FEAFBD /* ViewModel */ = {
			isa = PBXGroup;
			children = (
				54AF65B927B275FE00D118D2 /* ViewModel.swift */,
			);
			path = ViewModel;
			sourceTree = "<group>";
		};
		54E277AE27B55CC000FEAFBD /* Components */ = {
			isa = PBXGroup;
			children = (
				54E277AC27B55CB900FEAFBD /* CustomAlertView.swift */,
				5436EA9227B65B320034AC04 /* CustomTextField.swift */,
				5436EA9427B65FA70034AC04 /* CustomSecureField.swift */,
			);
			name = Components;
			sourceTree = "<group>";
		};
		54EEB75A27DCCD3D00E3381E /* Login Screen */ = {
			isa = PBXGroup;
			children = (
				54EEB76727DCCF7F00E3381E /* Views */,
				54EEB76627DCCF6F00E3381E /* Logic Files */,
			);
			path = "Login Screen";
			sourceTree = "<group>";
		};
		54EEB76627DCCF6F00E3381E /* Logic Files */ = {
			isa = PBXGroup;
			children = (
				54EEB75B27DCCD6000E3381E /* AuthManager.swift */,
				54EEB75D27DCCD7800E3381E /* SensitiveData.swift */,
			);
			path = "Logic Files";
			sourceTree = "<group>";
		};
		54EEB76727DCCF7F00E3381E /* Views */ = {
			isa = PBXGroup;
			children = (
				546A77D227D524280078F986 /* MatrixRainView.swift */,
				5436EA9027B6446B0034AC04 /* LoginScreen.swift */,
			);
			path = Views;
			sourceTree = "<group>";
		};
		54EEB76C27DCF13300E3381E /* Rabbit Hole Hub */ = {
			isa = PBXGroup;
			children = (
				54EEB77327DD25BF00E3381E /* Main */,
				54EEB77127DD25AE00E3381E /* QuizGame */,
				54EEB77227DD25B400E3381E /* TerminalChat */,
			);
			path = "Rabbit Hole Hub";
			sourceTree = "<group>";
		};
		54EEB77127DD25AE00E3381E /* QuizGame */ = {
			isa = PBXGroup;
			children = (
				54EEB77627DD28DD00E3381E /* TriviaManager.swift */,
				54EEB77E27DD29E100E3381E /* Views */,
				54EEB77F27DD29FE00E3381E /* Components */,
				54EEB78027DD2A0500E3381E /* Models */,
			);
			path = QuizGame;
			sourceTree = "<group>";
		};
		54EEB77227DD25B400E3381E /* TerminalChat */ = {
			isa = PBXGroup;
			children = (
				54EEB76D27DD244400E3381E /* TerminalChat.swift */,
			);
			path = TerminalChat;
			sourceTree = "<group>";
		};
		54EEB77327DD25BF00E3381E /* Main */ = {
			isa = PBXGroup;
			children = (
				54EEB76A27DCDF8300E3381E /* RabbitHoleHub.swift */,
			);
			path = Main;
			sourceTree = "<group>";
		};
		54EEB77427DD289300E3381E /* Tic Tac Toe */ = {
			isa = PBXGroup;
			children = (
				54EEB78D27DD387800E3381E /* Model */,
				54EEB78E27DD389200E3381E /* Views */,
			);
			path = "Tic Tac Toe";
			sourceTree = "<group>";
		};
		54EEB77527DD28A200E3381E /* Wordle */ = {
			isa = PBXGroup;
			children = (
			);
			path = Wordle;
			sourceTree = "<group>";
		};
		54EEB77E27DD29E100E3381E /* Views */ = {
			isa = PBXGroup;
			children = (
				54EEB77827DD293A00E3381E /* QuizGame.swift */,
				54EEB77A27DD294C00E3381E /* TriviaView.swift */,
				54EEB77C27DD295900E3381E /* QuestionView.swift */,
			);
			path = Views;
			sourceTree = "<group>";
		};
		54EEB77F27DD29FE00E3381E /* Components */ = {
			isa = PBXGroup;
			children = (
				54EEB78127DD2A1A00E3381E /* AnswerRow.swift */,
				54EEB78327DD2A2900E3381E /* ProgressBar.swift */,
			);
			path = Components;
			sourceTree = "<group>";
		};
		54EEB78027DD2A0500E3381E /* Models */ = {
			isa = PBXGroup;
			children = (
				54EEB78727DD2A5000E3381E /* Trivia.swift */,
				54EEB78927DD2A6200E3381E /* Answer.swift */,
			);
			path = Models;
			sourceTree = "<group>";
		};
		54EEB78D27DD387800E3381E /* Model */ = {
			isa = PBXGroup;
			children = (
				54EEB78B27DD386F00E3381E /* TicTacToeAlerts.swift */,
			);
			path = Model;
			sourceTree = "<group>";
		};
		54EEB78E27DD389200E3381E /* Views */ = {
			isa = PBXGroup;
			children = (
				54EEB79827DD393C00E3381E /* Main */,
				54EEB79527DD391200E3381E /* GameViewEasy */,
				54EEB79627DD391C00E3381E /* GameViewMedium */,
				54EEB79727DD392500E3381E /* GameViewHard */,
			);
			path = Views;
			sourceTree = "<group>";
		};
		54EEB79527DD391200E3381E /* GameViewEasy */ = {
			isa = PBXGroup;
			children = (
				54EEB78F27DD38D000E3381E /* GameViewEasy.swift */,
				54EEB79D27DD3B3900E3381E /* GameViewModelEasy.swift */,
			);
			path = GameViewEasy;
			sourceTree = "<group>";
		};
		54EEB79627DD391C00E3381E /* GameViewMedium */ = {
			isa = PBXGroup;
			children = (
				54EEB79127DD38E200E3381E /* GameViewMedium.swift */,
				54EEB79F27DD3B5C00E3381E /* GameViewModelMedium.swift */,
			);
			path = GameViewMedium;
			sourceTree = "<group>";
		};
		54EEB79727DD392500E3381E /* GameViewHard */ = {
			isa = PBXGroup;
			children = (
				54EEB79327DD38FD00E3381E /* GameViewHard.swift */,
				54EEB7A127DD3B8800E3381E /* GameViewModelHard.swift */,
			);
			path = GameViewHard;
			sourceTree = "<group>";
		};
		54EEB79827DD393C00E3381E /* Main */ = {
			isa = PBXGroup;
			children = (
				54EEB79927DD395A00E3381E /* ChooseGameModeView.swift */,
				54EEB79B27DD39CB00E3381E /* TicTacToeContentView.swift */,
			);
			path = Main;
			sourceTree = "<group>";
		};
/* End PBXGroup section */

/* Begin PBXNativeTarget section */
		54AF657427B1953300D118D2 /* JustHelloWorld */ = {
			isa = PBXNativeTarget;
			buildConfigurationList = 54AF658327B1953400D118D2 /* Build configuration list for PBXNativeTarget "JustHelloWorld" */;
			buildPhases = (
				54AF657127B1953300D118D2 /* Sources */,
				54AF657227B1953300D118D2 /* Frameworks */,
				54AF657327B1953300D118D2 /* Resources */,
			);
			buildRules = (
			);
			dependencies = (
			);
			name = JustHelloWorld;
			packageProductDependencies = (
				54EEB74E27DCC4EF00E3381E /* FirebaseAuth */,
				54EEB75027DCC4EF00E3381E /* FirebaseFirestoreSwift-Beta */,
				54EEB75227DCC4EF00E3381E /* FirebaseMessaging */,
				54EEB75427DCC4EF00E3381E /* FirebaseStorage */,
				54EEB76227DCCE7D00E3381E /* Lottie */,
			);
			productName = JustHelloWorld;
			productReference = 54AF657527B1953300D118D2 /* JustHelloWorld.app */;
			productType = "com.apple.product-type.application";
		};
/* End PBXNativeTarget section */

/* Begin PBXProject section */
		54AF656D27B1953300D118D2 /* Project object */ = {
			isa = PBXProject;
			attributes = {
				BuildIndependentTargetsInParallel = 1;
				LastSwiftUpdateCheck = 1320;
				LastUpgradeCheck = 1320;
				TargetAttributes = {
					54AF657427B1953300D118D2 = {
						CreatedOnToolsVersion = 13.2.1;
					};
				};
			};
			buildConfigurationList = 54AF657027B1953300D118D2 /* Build configuration list for PBXProject "JustHelloWorld" */;
			compatibilityVersion = "Xcode 13.0";
			developmentRegion = en;
			hasScannedForEncodings = 0;
			knownRegions = (
				en,
				Base,
			);
			mainGroup = 54AF656C27B1953300D118D2;
			packageReferences = (
				54EEB74D27DCC4EF00E3381E /* XCRemoteSwiftPackageReference "firebase-ios-sdk" */,
				54EEB76127DCCE7D00E3381E /* XCRemoteSwiftPackageReference "lottie-ios" */,
			);
			productRefGroup = 54AF657627B1953300D118D2 /* Products */;
			projectDirPath = "";
			projectRoot = "";
			targets = (
				54AF657427B1953300D118D2 /* JustHelloWorld */,
			);
		};
/* End PBXProject section */

/* Begin PBXResourcesBuildPhase section */
		54AF657327B1953300D118D2 /* Resources */ = {
			isa = PBXResourcesBuildPhase;
			buildActionMask = 2147483647;
			files = (
				54AF658027B1953400D118D2 /* Preview Assets.xcassets in Resources */,
				54AF657D27B1953400D118D2 /* Assets.xcassets in Resources */,
				54EEB75727DCC50500E3381E /* GoogleService-Info.plist in Resources */,
			);
			runOnlyForDeploymentPostprocessing = 0;
		};
/* End PBXResourcesBuildPhase section */

/* Begin PBXSourcesBuildPhase section */
		54AF657127B1953300D118D2 /* Sources */ = {
			isa = PBXSourcesBuildPhase;
			buildActionMask = 2147483647;
			files = (
				5458C4E427B30AFF008FA00C /* AlertHelper.swift in Sources */,
				54EEB75C27DCCD6000E3381E /* AuthManager.swift in Sources */,
				54EEB79C27DD39CB00E3381E /* TicTacToeContentView.swift in Sources */,
				54EEB77927DD293A00E3381E /* QuizGame.swift in Sources */,
				54AF65BF27B2F2CA00D118D2 /* BlackAndWhiteColors.swift in Sources */,
				54AF658827B19F2C00D118D2 /* ViewRouter.swift in Sources */,
				54EEB79227DD38E200E3381E /* GameViewMedium.swift in Sources */,
				54EEB75E27DCCD7800E3381E /* SensitiveData.swift in Sources */,
				54EEB7A027DD3B5C00E3381E /* GameViewModelMedium.swift in Sources */,
				54AF659227B1A88D00D118D2 /* Extensions.swift in Sources */,
				54EEB76E27DD244400E3381E /* TerminalChat.swift in Sources */,
				5436EA9327B65B320034AC04 /* CustomTextField.swift in Sources */,
				54AF657B27B1953300D118D2 /* ContentView.swift in Sources */,
				5436EA8727B5959E0034AC04 /* SideMenuForSurpriseScreen.swift in Sources */,
				54EEB78C27DD386F00E3381E /* TicTacToeAlerts.swift in Sources */,
				54EEB79E27DD3B3900E3381E /* GameViewModelEasy.swift in Sources */,
				5436EA9527B65FA70034AC04 /* CustomSecureField.swift in Sources */,
				54AF659627B1B06900D118D2 /* SideMenu.swift in Sources */,
				54EEB78427DD2A2900E3381E /* ProgressBar.swift in Sources */,
				5436EA8F27B6438D0034AC04 /* MatrixVideoScreen.swift in Sources */,
				54E277AB27B559EF00FEAFBD /* SurpriseScreen.swift in Sources */,
				5436EA9127B6446B0034AC04 /* LoginScreen.swift in Sources */,
				54EEB79427DD38FD00E3381E /* GameViewHard.swift in Sources */,
				54EEB78827DD2A5000E3381E /* Trivia.swift in Sources */,
				54AF659027B19FDF00D118D2 /* MainScreen.swift in Sources */,
				54EEB75927DCC6BE00E3381E /* AppGlobal.swift in Sources */,
				54EEB76527DCCF1B00E3381E /* LoaderView.swift in Sources */,
				54E277AD27B55CB900FEAFBD /* CustomAlertView.swift in Sources */,
				54EEB78227DD2A1A00E3381E /* AnswerRow.swift in Sources */,
				54EEB79A27DD395A00E3381E /* ChooseGameModeView.swift in Sources */,
				54EEB77727DD28DD00E3381E /* TriviaManager.swift in Sources */,
				54AF657927B1953300D118D2 /* JustHelloWorldApp.swift in Sources */,
				54AF65BD27B2DE5900D118D2 /* HelloWorldText.swift in Sources */,
				5436EA8D27B642640034AC04 /* AVPlayerHelper.swift in Sources */,
				54EEB79027DD38D000E3381E /* GameViewEasy.swift in Sources */,
				54EEB7A227DD3B8800E3381E /* GameViewModelHard.swift in Sources */,
				54EEB76B27DCDF8300E3381E /* RabbitHoleHub.swift in Sources */,
				54EEB77D27DD295900E3381E /* QuestionView.swift in Sources */,
				546A77D327D524280078F986 /* MatrixRainView.swift in Sources */,
				54AF65B827B1B37600D118D2 /* HelloWorldView.swift in Sources */,
				54EEB77B27DD294C00E3381E /* TriviaView.swift in Sources */,
				54EEB78A27DD2A6200E3381E /* Answer.swift in Sources */,
				54AF658E27B19FD900D118D2 /* LaunchScreen.swift in Sources */,
				54AF65BA27B275FE00D118D2 /* ViewModel.swift in Sources */,
				5436EA8927B598350034AC04 /* SurpriseScreenHelloWorldView.swift in Sources */,
				54EEB76927DCD0BD00E3381E /* Constants.swift in Sources */,
			);
			runOnlyForDeploymentPostprocessing = 0;
		};
/* End PBXSourcesBuildPhase section */

/* Begin XCBuildConfiguration section */
		54AF658127B1953400D118D2 /* Debug */ = {
			isa = XCBuildConfiguration;
			buildSettings = {
				ALWAYS_SEARCH_USER_PATHS = NO;
				CLANG_ANALYZER_NONNULL = YES;
				CLANG_ANALYZER_NUMBER_OBJECT_CONVERSION = YES_AGGRESSIVE;
				CLANG_CXX_LANGUAGE_STANDARD = "gnu++17";
				CLANG_CXX_LIBRARY = "libc++";
				CLANG_ENABLE_MODULES = YES;
				CLANG_ENABLE_OBJC_ARC = YES;
				CLANG_ENABLE_OBJC_WEAK = YES;
				CLANG_WARN_BLOCK_CAPTURE_AUTORELEASING = YES;
				CLANG_WARN_BOOL_CONVERSION = YES;
				CLANG_WARN_COMMA = YES;
				CLANG_WARN_CONSTANT_CONVERSION = YES;
				CLANG_WARN_DEPRECATED_OBJC_IMPLEMENTATIONS = YES;
				CLANG_WARN_DIRECT_OBJC_ISA_USAGE = YES_ERROR;
				CLANG_WARN_DOCUMENTATION_COMMENTS = YES;
				CLANG_WARN_EMPTY_BODY = YES;
				CLANG_WARN_ENUM_CONVERSION = YES;
				CLANG_WARN_INFINITE_RECURSION = YES;
				CLANG_WARN_INT_CONVERSION = YES;
				CLANG_WARN_NON_LITERAL_NULL_CONVERSION = YES;
				CLANG_WARN_OBJC_IMPLICIT_RETAIN_SELF = YES;
				CLANG_WARN_OBJC_LITERAL_CONVERSION = YES;
				CLANG_WARN_OBJC_ROOT_CLASS = YES_ERROR;
				CLANG_WARN_QUOTED_INCLUDE_IN_FRAMEWORK_HEADER = YES;
				CLANG_WARN_RANGE_LOOP_ANALYSIS = YES;
				CLANG_WARN_STRICT_PROTOTYPES = YES;
				CLANG_WARN_SUSPICIOUS_MOVE = YES;
				CLANG_WARN_UNGUARDED_AVAILABILITY = YES_AGGRESSIVE;
				CLANG_WARN_UNREACHABLE_CODE = YES;
				CLANG_WARN__DUPLICATE_METHOD_MATCH = YES;
				COPY_PHASE_STRIP = NO;
				DEBUG_INFORMATION_FORMAT = dwarf;
				ENABLE_STRICT_OBJC_MSGSEND = YES;
				ENABLE_TESTABILITY = YES;
				GCC_C_LANGUAGE_STANDARD = gnu11;
				GCC_DYNAMIC_NO_PIC = NO;
				GCC_NO_COMMON_BLOCKS = YES;
				GCC_OPTIMIZATION_LEVEL = 0;
				GCC_PREPROCESSOR_DEFINITIONS = (
					"DEBUG=1",
					"$(inherited)",
				);
				GCC_WARN_64_TO_32_BIT_CONVERSION = YES;
				GCC_WARN_ABOUT_RETURN_TYPE = YES_ERROR;
				GCC_WARN_UNDECLARED_SELECTOR = YES;
				GCC_WARN_UNINITIALIZED_AUTOS = YES_AGGRESSIVE;
				GCC_WARN_UNUSED_FUNCTION = YES;
				GCC_WARN_UNUSED_VARIABLE = YES;
				IPHONEOS_DEPLOYMENT_TARGET = 15.2;
				MTL_ENABLE_DEBUG_INFO = INCLUDE_SOURCE;
				MTL_FAST_MATH = YES;
				ONLY_ACTIVE_ARCH = YES;
				SDKROOT = iphoneos;
				SWIFT_ACTIVE_COMPILATION_CONDITIONS = DEBUG;
				SWIFT_OPTIMIZATION_LEVEL = "-Onone";
			};
			name = Debug;
		};
		54AF658227B1953400D118D2 /* Release */ = {
			isa = XCBuildConfiguration;
			buildSettings = {
				ALWAYS_SEARCH_USER_PATHS = NO;
				CLANG_ANALYZER_NONNULL = YES;
				CLANG_ANALYZER_NUMBER_OBJECT_CONVERSION = YES_AGGRESSIVE;
				CLANG_CXX_LANGUAGE_STANDARD = "gnu++17";
				CLANG_CXX_LIBRARY = "libc++";
				CLANG_ENABLE_MODULES = YES;
				CLANG_ENABLE_OBJC_ARC = YES;
				CLANG_ENABLE_OBJC_WEAK = YES;
				CLANG_WARN_BLOCK_CAPTURE_AUTORELEASING = YES;
				CLANG_WARN_BOOL_CONVERSION = YES;
				CLANG_WARN_COMMA = YES;
				CLANG_WARN_CONSTANT_CONVERSION = YES;
				CLANG_WARN_DEPRECATED_OBJC_IMPLEMENTATIONS = YES;
				CLANG_WARN_DIRECT_OBJC_ISA_USAGE = YES_ERROR;
				CLANG_WARN_DOCUMENTATION_COMMENTS = YES;
				CLANG_WARN_EMPTY_BODY = YES;
				CLANG_WARN_ENUM_CONVERSION = YES;
				CLANG_WARN_INFINITE_RECURSION = YES;
				CLANG_WARN_INT_CONVERSION = YES;
				CLANG_WARN_NON_LITERAL_NULL_CONVERSION = YES;
				CLANG_WARN_OBJC_IMPLICIT_RETAIN_SELF = YES;
				CLANG_WARN_OBJC_LITERAL_CONVERSION = YES;
				CLANG_WARN_OBJC_ROOT_CLASS = YES_ERROR;
				CLANG_WARN_QUOTED_INCLUDE_IN_FRAMEWORK_HEADER = YES;
				CLANG_WARN_RANGE_LOOP_ANALYSIS = YES;
				CLANG_WARN_STRICT_PROTOTYPES = YES;
				CLANG_WARN_SUSPICIOUS_MOVE = YES;
				CLANG_WARN_UNGUARDED_AVAILABILITY = YES_AGGRESSIVE;
				CLANG_WARN_UNREACHABLE_CODE = YES;
				CLANG_WARN__DUPLICATE_METHOD_MATCH = YES;
				COPY_PHASE_STRIP = NO;
				DEBUG_INFORMATION_FORMAT = "dwarf-with-dsym";
				ENABLE_NS_ASSERTIONS = NO;
				ENABLE_STRICT_OBJC_MSGSEND = YES;
				GCC_C_LANGUAGE_STANDARD = gnu11;
				GCC_NO_COMMON_BLOCKS = YES;
				GCC_WARN_64_TO_32_BIT_CONVERSION = YES;
				GCC_WARN_ABOUT_RETURN_TYPE = YES_ERROR;
				GCC_WARN_UNDECLARED_SELECTOR = YES;
				GCC_WARN_UNINITIALIZED_AUTOS = YES_AGGRESSIVE;
				GCC_WARN_UNUSED_FUNCTION = YES;
				GCC_WARN_UNUSED_VARIABLE = YES;
				IPHONEOS_DEPLOYMENT_TARGET = 15.2;
				MTL_ENABLE_DEBUG_INFO = NO;
				MTL_FAST_MATH = YES;
				SDKROOT = iphoneos;
				SWIFT_COMPILATION_MODE = wholemodule;
				SWIFT_OPTIMIZATION_LEVEL = "-O";
				VALIDATE_PRODUCT = YES;
			};
			name = Release;
		};
		54AF658427B1953400D118D2 /* Debug */ = {
			isa = XCBuildConfiguration;
			buildSettings = {
				ASSETCATALOG_COMPILER_APPICON_NAME = AppIcon;
				ASSETCATALOG_COMPILER_GLOBAL_ACCENT_COLOR_NAME = AccentColor;
				CODE_SIGN_STYLE = Automatic;
				CURRENT_PROJECT_VERSION = 3;
				DEVELOPMENT_ASSET_PATHS = "\"JustHelloWorld/Preview Content\"";
				DEVELOPMENT_TEAM = 37TC2VKVJ6;
				ENABLE_PREVIEWS = YES;
				GENERATE_INFOPLIST_FILE = YES;
				INFOPLIST_FILE = JustHelloWorld/Resources/Info.plist;
				INFOPLIST_KEY_UIApplicationSceneManifest_Generation = YES;
				INFOPLIST_KEY_UIApplicationSupportsIndirectInputEvents = YES;
				INFOPLIST_KEY_UILaunchScreen_Generation = YES;
				INFOPLIST_KEY_UISupportedInterfaceOrientations = UIInterfaceOrientationPortrait;
				INFOPLIST_KEY_UISupportedInterfaceOrientations_iPhone = UIInterfaceOrientationPortrait;
				IPHONEOS_DEPLOYMENT_TARGET = 15.0;
				LD_RUNPATH_SEARCH_PATHS = (
					"$(inherited)",
					"@executable_path/Frameworks",
				);
				MARKETING_VERSION = 1.3;
				PRODUCT_BUNDLE_IDENTIFIER = com.walhallaa.JustHelloWorld;
				PRODUCT_NAME = "$(TARGET_NAME)";
				SWIFT_EMIT_LOC_STRINGS = YES;
				SWIFT_VERSION = 5.0;
				TARGETED_DEVICE_FAMILY = 1;
			};
			name = Debug;
		};
		54AF658527B1953400D118D2 /* Release */ = {
			isa = XCBuildConfiguration;
			buildSettings = {
				ASSETCATALOG_COMPILER_APPICON_NAME = AppIcon;
				ASSETCATALOG_COMPILER_GLOBAL_ACCENT_COLOR_NAME = AccentColor;
				CODE_SIGN_STYLE = Automatic;
				CURRENT_PROJECT_VERSION = 3;
				DEVELOPMENT_ASSET_PATHS = "\"JustHelloWorld/Preview Content\"";
				DEVELOPMENT_TEAM = 37TC2VKVJ6;
				ENABLE_PREVIEWS = YES;
				GENERATE_INFOPLIST_FILE = YES;
				INFOPLIST_FILE = JustHelloWorld/Resources/Info.plist;
				INFOPLIST_KEY_UIApplicationSceneManifest_Generation = YES;
				INFOPLIST_KEY_UIApplicationSupportsIndirectInputEvents = YES;
				INFOPLIST_KEY_UILaunchScreen_Generation = YES;
				INFOPLIST_KEY_UISupportedInterfaceOrientations = UIInterfaceOrientationPortrait;
				INFOPLIST_KEY_UISupportedInterfaceOrientations_iPhone = UIInterfaceOrientationPortrait;
				IPHONEOS_DEPLOYMENT_TARGET = 15.0;
				LD_RUNPATH_SEARCH_PATHS = (
					"$(inherited)",
					"@executable_path/Frameworks",
				);
				MARKETING_VERSION = 1.3;
				PRODUCT_BUNDLE_IDENTIFIER = com.walhallaa.JustHelloWorld;
				PRODUCT_NAME = "$(TARGET_NAME)";
				SWIFT_EMIT_LOC_STRINGS = YES;
				SWIFT_VERSION = 5.0;
				TARGETED_DEVICE_FAMILY = 1;
			};
			name = Release;
		};
/* End XCBuildConfiguration section */

/* Begin XCConfigurationList section */
		54AF657027B1953300D118D2 /* Build configuration list for PBXProject "JustHelloWorld" */ = {
			isa = XCConfigurationList;
			buildConfigurations = (
				54AF658127B1953400D118D2 /* Debug */,
				54AF658227B1953400D118D2 /* Release */,
			);
			defaultConfigurationIsVisible = 0;
			defaultConfigurationName = Release;
		};
		54AF658327B1953400D118D2 /* Build configuration list for PBXNativeTarget "JustHelloWorld" */ = {
			isa = XCConfigurationList;
			buildConfigurations = (
				54AF658427B1953400D118D2 /* Debug */,
				54AF658527B1953400D118D2 /* Release */,
			);
			defaultConfigurationIsVisible = 0;
			defaultConfigurationName = Release;
		};
/* End XCConfigurationList section */

/* Begin XCRemoteSwiftPackageReference section */
		54EEB74D27DCC4EF00E3381E /* XCRemoteSwiftPackageReference "firebase-ios-sdk" */ = {
			isa = XCRemoteSwiftPackageReference;
			repositoryURL = "https://github.com/firebase/firebase-ios-sdk.git";
			requirement = {
				branch = master;
				kind = branch;
			};
		};
		54EEB76127DCCE7D00E3381E /* XCRemoteSwiftPackageReference "lottie-ios" */ = {
			isa = XCRemoteSwiftPackageReference;
			repositoryURL = "https://github.com/airbnb/lottie-ios.git";
			requirement = {
				branch = master;
				kind = branch;
			};
		};
/* End XCRemoteSwiftPackageReference section */

/* Begin XCSwiftPackageProductDependency section */
		54EEB74E27DCC4EF00E3381E /* FirebaseAuth */ = {
			isa = XCSwiftPackageProductDependency;
			package = 54EEB74D27DCC4EF00E3381E /* XCRemoteSwiftPackageReference "firebase-ios-sdk" */;
			productName = FirebaseAuth;
		};
		54EEB75027DCC4EF00E3381E /* FirebaseFirestoreSwift-Beta */ = {
			isa = XCSwiftPackageProductDependency;
			package = 54EEB74D27DCC4EF00E3381E /* XCRemoteSwiftPackageReference "firebase-ios-sdk" */;
			productName = "FirebaseFirestoreSwift-Beta";
		};
		54EEB75227DCC4EF00E3381E /* FirebaseMessaging */ = {
			isa = XCSwiftPackageProductDependency;
			package = 54EEB74D27DCC4EF00E3381E /* XCRemoteSwiftPackageReference "firebase-ios-sdk" */;
			productName = FirebaseMessaging;
		};
		54EEB75427DCC4EF00E3381E /* FirebaseStorage */ = {
			isa = XCSwiftPackageProductDependency;
			package = 54EEB74D27DCC4EF00E3381E /* XCRemoteSwiftPackageReference "firebase-ios-sdk" */;
			productName = FirebaseStorage;
		};
		54EEB76227DCCE7D00E3381E /* Lottie */ = {
			isa = XCSwiftPackageProductDependency;
			package = 54EEB76127DCCE7D00E3381E /* XCRemoteSwiftPackageReference "lottie-ios" */;
			productName = Lottie;
		};
/* End XCSwiftPackageProductDependency section */
	};
	rootObject = 54AF656D27B1953300D118D2 /* Project object */;
}
